
Microsoft Visual Studio Solution File, Format Version 12.00
# Visual Studio Version 16
VisualStudioVersion = 16.0.30114.105
MinimumVisualStudioVersion = 10.0.40219.1
Project("{FAE04EC0-301F-11D3-BF4B-00C04F79EFBC}") = "Wms.Core.Domain", "Wms.Core.Domain\Wms.Core.Domain.csproj", "{3421AE7B-58A9-4E1B-9432-62325D0208FC}"
EndProject
Project("{FAE04EC0-301F-11D3-BF4B-00C04F79EFBC}") = "Wms.Core.Application", "Wms.Core.Application\Wms.Core.Application.csproj", "{CC85668E-6E42-41DC-854F-EDEF6BD519EB}"
EndProject
Project("{FAE04EC0-301F-11D3-BF4B-00C04F79EFBC}") = "Wms.Core.Persistence", "Wms.Core.Persistence\Wms.Core.Persistence.csproj", "{59F562E6-8CC0-45FD-BF1A-BF09EDF5C493}"
EndProject
Project("{FAE04EC0-301F-11D3-BF4B-00C04F79EFBC}") = "Wms.Core.Presentation", "Wms.Core.Presentation\Wms.Core.Presentation.csproj", "{D194143F-AE0D-4E85-A404-E8AF9717E412}"
EndProject
Global
	GlobalSection(SolutionConfigurationPlatforms) = preSolution
		Debug|Any CPU = Debug|Any CPU
		Release|Any CPU = Release|Any CPU
	EndGlobalSection
	GlobalSection(SolutionProperties) = preSolution
		HideSolutionNode = FALSE
	EndGlobalSection
	GlobalSection(ProjectConfigurationPlatforms) = postSolution
		{3421AE7B-58A9-4E1B-9432-62325D0208FC}.Debug|Any CPU.ActiveCfg = Debug|Any CPU
		{3421AE7B-58A9-4E1B-9432-62325D0208FC}.Debug|Any CPU.Build.0 = Debug|Any CPU
		{3421AE7B-58A9-4E1B-9432-62325D0208FC}.Release|Any CPU.ActiveCfg = Release|Any CPU
		{3421AE7B-58A9-4E1B-9432-62325D0208FC}.Release|Any CPU.Build.0 = Release|Any CPU
		{CC85668E-6E42-41DC-854F-EDEF6BD519EB}.Debug|Any CPU.ActiveCfg = Debug|Any CPU
		{CC85668E-6E42-41DC-854F-EDEF6BD519EB}.Debug|Any CPU.Build.0 = Debug|Any CPU
		{CC85668E-6E42-41DC-854F-EDEF6BD519EB}.Release|Any CPU.ActiveCfg = Release|Any CPU
		{CC85668E-6E42-41DC-854F-EDEF6BD519EB}.Release|Any CPU.Build.0 = Release|Any CPU
		{59F562E6-8CC0-45FD-BF1A-BF09EDF5C493}.Debug|Any CPU.ActiveCfg = Debug|Any CPU
		{59F562E6-8CC0-45FD-BF1A-BF09EDF5C493}.Debug|Any CPU.Build.0 = Debug|Any CPU
		{59F562E6-8CC0-45FD-BF1A-BF09EDF5C493}.Release|Any CPU.ActiveCfg = Release|Any CPU
		{59F562E6-8CC0-45FD-BF1A-BF09EDF5C493}.Release|Any CPU.Build.0 = Release|Any CPU
		{D194143F-AE0D-4E85-A404-E8AF9717E412}.Debug|Any CPU.ActiveCfg = Debug|Any CPU
		{D194143F-AE0D-4E85-A404-E8AF9717E412}.Debug|Any CPU.Build.0 = Debug|Any CPU
		{D194143F-AE0D-4E85-A404-E8AF9717E412}.Release|Any CPU.ActiveCfg = Release|Any CPU
		{D194143F-AE0D-4E85-A404-E8AF9717E412}.Release|Any CPU.Build.0 = Release|Any CPU
	EndGlobalSection
EndGlobal
